
Microsoft Visual Studio Solution File, Format Version 12.00
# Visual Studio Version 16
VisualStudioVersion = 16.0.30002.166
MinimumVisualStudioVersion = 10.0.40219.1
Project("{FAE04EC0-301F-11D3-BF4B-00C04F79EFBC}") = "NewsBotTelegram", "NewsBotTelegram.csproj", "{F0B0CA2B-2A97-4159-A4EA-EAA25509845F}"
EndProject
Global
	GlobalSection(SolutionConfigurationPlatforms) = preSolution
		Debug|Any CPU = Debug|Any CPU
		Release|Any CPU = Release|Any CPU
	EndGlobalSection
	GlobalSection(ProjectConfigurationPlatforms) = postSolution
		{F0B0CA2B-2A97-4159-A4EA-EAA25509845F}.Debug|Any CPU.ActiveCfg = Debug|Any CPU
		{F0B0CA2B-2A97-4159-A4EA-EAA25509845F}.Debug|Any CPU.Build.0 = Debug|Any CPU
		{F0B0CA2B-2A97-4159-A4EA-EAA25509845F}.Release|Any CPU.ActiveCfg = Release|Any CPU
		{F0B0CA2B-2A97-4159-A4EA-EAA25509845F}.Release|Any CPU.Build.0 = Release|Any CPU
	EndGlobalSection
	GlobalSection(SolutionProperties) = preSolution
		HideSolutionNode = FALSE
	EndGlobalSection
	GlobalSection(ExtensibilityGlobals) = postSolution
		SolutionGuid = {FF2FA6ED-139E-47F9-879B-6841DFEFE570}
	EndGlobalSection
EndGlobal
